
Microsoft Visual Studio Solution File, Format Version 12.00
# Visual Studio Version 16
VisualStudioVersion = 16.0.29324.140
MinimumVisualStudioVersion = 10.0.40219.1
Project("{9A19103F-16F7-4668-BE54-9A1E7A4F7556}") = "TerritoriesAssignment.WebApp", "TerritoriesAssignment.WebApp\TerritoriesAssignment.WebApp.csproj", "{45581078-7407-42FB-9181-D867D3ED79D7}"
EndProject
Project("{9A19103F-16F7-4668-BE54-9A1E7A4F7556}") = "TerritoriesAssignment.Database", "TerritoriesAssignment.Database\TerritoriesAssignment.Database.csproj", "{D46CEF39-ED6E-4353-8CE3-93947C930D69}"
EndProject
Project("{9A19103F-16F7-4668-BE54-9A1E7A4F7556}") = "TerritoriesAssignment.Core", "TerritoriesAssignment.Core\TerritoriesAssignment.Core.csproj", "{C5859396-C309-42B8-B48A-75287104C64C}"
EndProject
Project("{FAE04EC0-301F-11D3-BF4B-00C04F79EFBC}") = "SQLiteFramework", "SQLiteFramework\SQLiteFramework.csproj", "{3713CEE1-1B94-4056-AEB4-6795AEE8E29D}"
EndProject
Global
	GlobalSection(SolutionConfigurationPlatforms) = preSolution
		Debug|Any CPU = Debug|Any CPU
		Release|Any CPU = Release|Any CPU
	EndGlobalSection
	GlobalSection(ProjectConfigurationPlatforms) = postSolution
		{45581078-7407-42FB-9181-D867D3ED79D7}.Debug|Any CPU.ActiveCfg = Debug|Any CPU
		{45581078-7407-42FB-9181-D867D3ED79D7}.Debug|Any CPU.Build.0 = Debug|Any CPU
		{45581078-7407-42FB-9181-D867D3ED79D7}.Release|Any CPU.ActiveCfg = Release|Any CPU
		{45581078-7407-42FB-9181-D867D3ED79D7}.Release|Any CPU.Build.0 = Release|Any CPU
		{D46CEF39-ED6E-4353-8CE3-93947C930D69}.Debug|Any CPU.ActiveCfg = Debug|Any CPU
		{D46CEF39-ED6E-4353-8CE3-93947C930D69}.Debug|Any CPU.Build.0 = Debug|Any CPU
		{D46CEF39-ED6E-4353-8CE3-93947C930D69}.Release|Any CPU.ActiveCfg = Release|Any CPU
		{D46CEF39-ED6E-4353-8CE3-93947C930D69}.Release|Any CPU.Build.0 = Release|Any CPU
		{C5859396-C309-42B8-B48A-75287104C64C}.Debug|Any CPU.ActiveCfg = Debug|Any CPU
		{C5859396-C309-42B8-B48A-75287104C64C}.Debug|Any CPU.Build.0 = Debug|Any CPU
		{C5859396-C309-42B8-B48A-75287104C64C}.Release|Any CPU.ActiveCfg = Release|Any CPU
		{C5859396-C309-42B8-B48A-75287104C64C}.Release|Any CPU.Build.0 = Release|Any CPU
		{3713CEE1-1B94-4056-AEB4-6795AEE8E29D}.Debug|Any CPU.ActiveCfg = Debug|Any CPU
		{3713CEE1-1B94-4056-AEB4-6795AEE8E29D}.Debug|Any CPU.Build.0 = Debug|Any CPU
		{3713CEE1-1B94-4056-AEB4-6795AEE8E29D}.Release|Any CPU.ActiveCfg = Release|Any CPU
		{3713CEE1-1B94-4056-AEB4-6795AEE8E29D}.Release|Any CPU.Build.0 = Release|Any CPU
	EndGlobalSection
	GlobalSection(SolutionProperties) = preSolution
		HideSolutionNode = FALSE
	EndGlobalSection
	GlobalSection(ExtensibilityGlobals) = postSolution
		SolutionGuid = {EBF63281-B495-46EB-9539-0AA9F0F51F63}
	EndGlobalSection
EndGlobal
